
Microsoft Visual Studio Solution File, Format Version 12.00
# Visual Studio Version 16
VisualStudioVersion = 16.0.28803.202
MinimumVisualStudioVersion = 10.0.40219.1
Project("{9A19103F-16F7-4668-BE54-9A1E7A4F7556}") = "OSPSuite.Core", "src\OSPSuite.Core\OSPSuite.Core.csproj", "{BBEFC737-8370-44A0-B3B4-60A6C405569C}"
EndProject
Project("{2150E333-8FDC-42A3-9474-1A3956D46DE8}") = "Solution Items", "Solution Items", "{25A7357D-0812-44F3-AF90-244FD752FAE2}"
	ProjectSection(SolutionItems) = preProject
		appveyor-coverage.yml = appveyor-coverage.yml
		appveyor.yml = appveyor.yml
		rakefile.rb = rakefile.rb
		SolutionInfo.cs = SolutionInfo.cs
	EndProjectSection
EndProject
Project("{9A19103F-16F7-4668-BE54-9A1E7A4F7556}") = "OSPSuite.Assets", "src\OSPSuite.Assets\OSPSuite.Assets.csproj", "{C74EFA9F-8DA4-4722-9BB1-70E9664F1ED4}"
EndProject
Project("{9A19103F-16F7-4668-BE54-9A1E7A4F7556}") = "OSPSuite.Core.Tests", "tests\OSPSuite.Core.Tests\OSPSuite.Core.Tests.csproj", "{8AAFD881-CB08-4F86-8B30-F4D590398A2A}"
EndProject
Project("{9A19103F-16F7-4668-BE54-9A1E7A4F7556}") = "OSPSuite.Infrastructure", "src\OSPSuite.Infrastructure\OSPSuite.Infrastructure.csproj", "{06B8DB63-BDF8-460C-9106-DBBBE2FFC43F}"
EndProject
Project("{9A19103F-16F7-4668-BE54-9A1E7A4F7556}") = "OSPSuite.Infrastructure.Serialization", "src\OSPSuite.Infrastructure.Serialization\OSPSuite.Infrastructure.Serialization.csproj", "{AE585306-54A1-4DE1-88F4-CA6EE564558C}"
EndProject
Project("{9A19103F-16F7-4668-BE54-9A1E7A4F7556}") = "OSPSuite.Infrastructure.Reporting", "src\OSPSuite.Infrastructure.Reporting\OSPSuite.Infrastructure.Reporting.csproj", "{E40215D1-907D-4C73-BC6A-01EA0F2E4A13}"
EndProject
Project("{9A19103F-16F7-4668-BE54-9A1E7A4F7556}") = "OSPSuite.Infrastructure.Export", "src\OSPSuite.Infrastructure.Export\OSPSuite.Infrastructure.Export.csproj", "{8A5DE288-F16A-468D-802C-3AB42EF55C57}"
EndProject
Project("{9A19103F-16F7-4668-BE54-9A1E7A4F7556}") = "OSPSuite.Core.IntegrationTests", "tests\OSPSuite.Core.IntegrationTests\OSPSuite.Core.IntegrationTests.csproj", "{20E08171-91B3-4DFB-B8B5-E158F5343D6C}"
EndProject
Project("{9A19103F-16F7-4668-BE54-9A1E7A4F7556}") = "OSPSuite.Presentation", "src\OSPSuite.Presentation\OSPSuite.Presentation.csproj", "{5CBFB5CA-1F1B-44CB-9C51-0C7904B12AD5}"
EndProject
Project("{9A19103F-16F7-4668-BE54-9A1E7A4F7556}") = "OSPSuite.Presentation.Importer", "src\OSPSuite.Presentation.Importer\OSPSuite.Presentation.Importer.csproj", "{A9ABCE50-65D6-4E4C-A4F1-730A4FEECC46}"
EndProject
Project("{9A19103F-16F7-4668-BE54-9A1E7A4F7556}") = "OSPSuite.Presentation.Tests", "tests\OSPSuite.Presentation.Tests\OSPSuite.Presentation.Tests.csproj", "{4B2DDBFB-6DC8-45D0-B24E-0B64FB74B93C}"
EndProject
Project("{9A19103F-16F7-4668-BE54-9A1E7A4F7556}") = "OSPSuite.UI", "src\OSPSuite.UI\OSPSuite.UI.csproj", "{AC617E4A-028B-4BFF-993C-3EA34EB042B4}"
EndProject
Project("{9A19103F-16F7-4668-BE54-9A1E7A4F7556}") = "OSPSuite.UI.Importer", "src\OSPSuite.UI.Importer\OSPSuite.UI.Importer.csproj", "{6B501AF0-ACC0-4051-8FDE-9E8A92DB22D8}"
EndProject
Project("{9A19103F-16F7-4668-BE54-9A1E7A4F7556}") = "OSPSuite.UI.Tests", "tests\OSPSuite.UI.Tests\OSPSuite.UI.Tests.csproj", "{D17000A2-5981-44EE-85FA-FDE93DF8D8D3}"
EndProject
Project("{FAE04EC0-301F-11D3-BF4B-00C04F79EFBC}") = "OSPSuite.Starter", "tests\OSPSuite.Starter\OSPSuite.Starter.csproj", "{6457DB7A-E3C9-48E0-A886-601570E0C060}"
EndProject
Project("{9A19103F-16F7-4668-BE54-9A1E7A4F7556}") = "OSPSuite.HelpersForTests", "tests\OSPSuite.HelpersForTests\OSPSuite.HelpersForTests.csproj", "{78911B30-8A98-4881-BE77-C163D85B2393}"
EndProject
Project("{FAE04EC0-301F-11D3-BF4B-00C04F79EFBC}") = "OSPSuite.Infrastructure.Tests", "tests\OSPSuite.Infrastructure.Tests\OSPSuite.Infrastructure.Tests.csproj", "{2CA2D05C-9C85-4165-8CED-071D2C3DDF19}"
EndProject
Global
	GlobalSection(SolutionConfigurationPlatforms) = preSolution
		Debug|Any CPU = Debug|Any CPU
		Release|Any CPU = Release|Any CPU
	EndGlobalSection
	GlobalSection(ProjectConfigurationPlatforms) = postSolution
		{BBEFC737-8370-44A0-B3B4-60A6C405569C}.Debug|Any CPU.ActiveCfg = Debug|Any CPU
		{BBEFC737-8370-44A0-B3B4-60A6C405569C}.Debug|Any CPU.Build.0 = Debug|Any CPU
		{BBEFC737-8370-44A0-B3B4-60A6C405569C}.Release|Any CPU.ActiveCfg = Release|Any CPU
		{BBEFC737-8370-44A0-B3B4-60A6C405569C}.Release|Any CPU.Build.0 = Release|Any CPU
		{C74EFA9F-8DA4-4722-9BB1-70E9664F1ED4}.Debug|Any CPU.ActiveCfg = Debug|Any CPU
		{C74EFA9F-8DA4-4722-9BB1-70E9664F1ED4}.Debug|Any CPU.Build.0 = Debug|Any CPU
		{C74EFA9F-8DA4-4722-9BB1-70E9664F1ED4}.Release|Any CPU.ActiveCfg = Release|Any CPU
		{C74EFA9F-8DA4-4722-9BB1-70E9664F1ED4}.Release|Any CPU.Build.0 = Release|Any CPU
		{8AAFD881-CB08-4F86-8B30-F4D590398A2A}.Debug|Any CPU.ActiveCfg = Debug|Any CPU
		{8AAFD881-CB08-4F86-8B30-F4D590398A2A}.Debug|Any CPU.Build.0 = Debug|Any CPU
		{8AAFD881-CB08-4F86-8B30-F4D590398A2A}.Release|Any CPU.ActiveCfg = Release|Any CPU
		{8AAFD881-CB08-4F86-8B30-F4D590398A2A}.Release|Any CPU.Build.0 = Release|Any CPU
		{06B8DB63-BDF8-460C-9106-DBBBE2FFC43F}.Debug|Any CPU.ActiveCfg = Debug|Any CPU
		{06B8DB63-BDF8-460C-9106-DBBBE2FFC43F}.Debug|Any CPU.Build.0 = Debug|Any CPU
		{06B8DB63-BDF8-460C-9106-DBBBE2FFC43F}.Release|Any CPU.ActiveCfg = Release|Any CPU
		{06B8DB63-BDF8-460C-9106-DBBBE2FFC43F}.Release|Any CPU.Build.0 = Release|Any CPU
		{AE585306-54A1-4DE1-88F4-CA6EE564558C}.Debug|Any CPU.ActiveCfg = Debug|Any CPU
		{AE585306-54A1-4DE1-88F4-CA6EE564558C}.Debug|Any CPU.Build.0 = Debug|Any CPU
		{AE585306-54A1-4DE1-88F4-CA6EE564558C}.Release|Any CPU.ActiveCfg = Release|Any CPU
		{AE585306-54A1-4DE1-88F4-CA6EE564558C}.Release|Any CPU.Build.0 = Release|Any CPU
		{E40215D1-907D-4C73-BC6A-01EA0F2E4A13}.Debug|Any CPU.ActiveCfg = Debug|Any CPU
		{E40215D1-907D-4C73-BC6A-01EA0F2E4A13}.Debug|Any CPU.Build.0 = Debug|Any CPU
		{E40215D1-907D-4C73-BC6A-01EA0F2E4A13}.Release|Any CPU.ActiveCfg = Release|Any CPU
		{E40215D1-907D-4C73-BC6A-01EA0F2E4A13}.Release|Any CPU.Build.0 = Release|Any CPU
		{8A5DE288-F16A-468D-802C-3AB42EF55C57}.Debug|Any CPU.ActiveCfg = Debug|Any CPU
		{8A5DE288-F16A-468D-802C-3AB42EF55C57}.Debug|Any CPU.Build.0 = Debug|Any CPU
		{8A5DE288-F16A-468D-802C-3AB42EF55C57}.Release|Any CPU.ActiveCfg = Release|Any CPU
		{8A5DE288-F16A-468D-802C-3AB42EF55C57}.Release|Any CPU.Build.0 = Release|Any CPU
		{20E08171-91B3-4DFB-B8B5-E158F5343D6C}.Debug|Any CPU.ActiveCfg = Debug|Any CPU
		{20E08171-91B3-4DFB-B8B5-E158F5343D6C}.Debug|Any CPU.Build.0 = Debug|Any CPU
		{20E08171-91B3-4DFB-B8B5-E158F5343D6C}.Release|Any CPU.ActiveCfg = Release|Any CPU
		{20E08171-91B3-4DFB-B8B5-E158F5343D6C}.Release|Any CPU.Build.0 = Release|Any CPU
		{5CBFB5CA-1F1B-44CB-9C51-0C7904B12AD5}.Debug|Any CPU.ActiveCfg = Debug|Any CPU
		{5CBFB5CA-1F1B-44CB-9C51-0C7904B12AD5}.Debug|Any CPU.Build.0 = Debug|Any CPU
		{5CBFB5CA-1F1B-44CB-9C51-0C7904B12AD5}.Release|Any CPU.ActiveCfg = Release|Any CPU
		{5CBFB5CA-1F1B-44CB-9C51-0C7904B12AD5}.Release|Any CPU.Build.0 = Release|Any CPU
		{A9ABCE50-65D6-4E4C-A4F1-730A4FEECC46}.Debug|Any CPU.ActiveCfg = Debug|Any CPU
		{A9ABCE50-65D6-4E4C-A4F1-730A4FEECC46}.Debug|Any CPU.Build.0 = Debug|Any CPU
		{A9ABCE50-65D6-4E4C-A4F1-730A4FEECC46}.Release|Any CPU.ActiveCfg = Release|Any CPU
		{A9ABCE50-65D6-4E4C-A4F1-730A4FEECC46}.Release|Any CPU.Build.0 = Release|Any CPU
		{4B2DDBFB-6DC8-45D0-B24E-0B64FB74B93C}.Debug|Any CPU.ActiveCfg = Debug|Any CPU
		{4B2DDBFB-6DC8-45D0-B24E-0B64FB74B93C}.Debug|Any CPU.Build.0 = Debug|Any CPU
		{4B2DDBFB-6DC8-45D0-B24E-0B64FB74B93C}.Release|Any CPU.ActiveCfg = Release|Any CPU
		{4B2DDBFB-6DC8-45D0-B24E-0B64FB74B93C}.Release|Any CPU.Build.0 = Release|Any CPU
		{AC617E4A-028B-4BFF-993C-3EA34EB042B4}.Debug|Any CPU.ActiveCfg = Debug|Any CPU
		{AC617E4A-028B-4BFF-993C-3EA34EB042B4}.Debug|Any CPU.Build.0 = Debug|Any CPU
		{AC617E4A-028B-4BFF-993C-3EA34EB042B4}.Release|Any CPU.ActiveCfg = Release|Any CPU
		{AC617E4A-028B-4BFF-993C-3EA34EB042B4}.Release|Any CPU.Build.0 = Release|Any CPU
		{6B501AF0-ACC0-4051-8FDE-9E8A92DB22D8}.Debug|Any CPU.ActiveCfg = Debug|Any CPU
		{6B501AF0-ACC0-4051-8FDE-9E8A92DB22D8}.Debug|Any CPU.Build.0 = Debug|Any CPU
		{6B501AF0-ACC0-4051-8FDE-9E8A92DB22D8}.Release|Any CPU.ActiveCfg = Release|Any CPU
		{6B501AF0-ACC0-4051-8FDE-9E8A92DB22D8}.Release|Any CPU.Build.0 = Release|Any CPU
		{D17000A2-5981-44EE-85FA-FDE93DF8D8D3}.Debug|Any CPU.ActiveCfg = Debug|Any CPU
		{D17000A2-5981-44EE-85FA-FDE93DF8D8D3}.Debug|Any CPU.Build.0 = Debug|Any CPU
		{D17000A2-5981-44EE-85FA-FDE93DF8D8D3}.Release|Any CPU.ActiveCfg = Release|Any CPU
		{D17000A2-5981-44EE-85FA-FDE93DF8D8D3}.Release|Any CPU.Build.0 = Release|Any CPU
		{6457DB7A-E3C9-48E0-A886-601570E0C060}.Debug|Any CPU.ActiveCfg = Debug|Any CPU
		{6457DB7A-E3C9-48E0-A886-601570E0C060}.Debug|Any CPU.Build.0 = Debug|Any CPU
		{6457DB7A-E3C9-48E0-A886-601570E0C060}.Release|Any CPU.ActiveCfg = Release|Any CPU
		{6457DB7A-E3C9-48E0-A886-601570E0C060}.Release|Any CPU.Build.0 = Release|Any CPU
		{78911B30-8A98-4881-BE77-C163D85B2393}.Debug|Any CPU.ActiveCfg = Debug|Any CPU
		{78911B30-8A98-4881-BE77-C163D85B2393}.Debug|Any CPU.Build.0 = Debug|Any CPU
		{78911B30-8A98-4881-BE77-C163D85B2393}.Release|Any CPU.ActiveCfg = Release|Any CPU
		{78911B30-8A98-4881-BE77-C163D85B2393}.Release|Any CPU.Build.0 = Release|Any CPU
		{2CA2D05C-9C85-4165-8CED-071D2C3DDF19}.Debug|Any CPU.ActiveCfg = Debug|Any CPU
		{2CA2D05C-9C85-4165-8CED-071D2C3DDF19}.Debug|Any CPU.Build.0 = Debug|Any CPU
		{2CA2D05C-9C85-4165-8CED-071D2C3DDF19}.Release|Any CPU.ActiveCfg = Release|Any CPU
		{2CA2D05C-9C85-4165-8CED-071D2C3DDF19}.Release|Any CPU.Build.0 = Release|Any CPU
	EndGlobalSection
	GlobalSection(SolutionProperties) = preSolution
		HideSolutionNode = FALSE
	EndGlobalSection
	GlobalSection(ExtensibilityGlobals) = postSolution
		SolutionGuid = {000A7391-F031-415F-B7B1-03DF0006F8D6}
	EndGlobalSection
EndGlobal
